
Microsoft Visual Studio Solution File, Format Version 12.00
# Visual Studio 15
VisualStudioVersion = 15.0.27323.2
MinimumVisualStudioVersion = 10.0.40219.1
Project("{FAE04EC0-301F-11D3-BF4B-00C04F79EFBC}") = "NotesApp.Skeleton", "NotesApp.Skeleton\NotesApp.Skeleton.csproj", "{4C810ACF-04B8-4AA4-9506-2E491131554E}"
EndProject
Global
	GlobalSection(SolutionConfigurationPlatforms) = preSolution
		Debug|Any CPU = Debug|Any CPU
		Release|Any CPU = Release|Any CPU
	EndGlobalSection
	GlobalSection(ProjectConfigurationPlatforms) = postSolution
		{4C810ACF-04B8-4AA4-9506-2E491131554E}.Debug|Any CPU.ActiveCfg = Debug|Any CPU
		{4C810ACF-04B8-4AA4-9506-2E491131554E}.Debug|Any CPU.Build.0 = Debug|Any CPU
		{4C810ACF-04B8-4AA4-9506-2E491131554E}.Release|Any CPU.ActiveCfg = Release|Any CPU
		{4C810ACF-04B8-4AA4-9506-2E491131554E}.Release|Any CPU.Build.0 = Release|Any CPU
	EndGlobalSection
	GlobalSection(SolutionProperties) = preSolution
		HideSolutionNode = FALSE
	EndGlobalSection
	GlobalSection(ExtensibilityGlobals) = postSolution
		SolutionGuid = {CB56580A-83CC-4901-9AA9-2B15696055AE}
	EndGlobalSection
EndGlobal
